
Microsoft Visual Studio Solution File, Format Version 12.00
# Visual Studio Version 16
VisualStudioVersion = 16.0.31402.337
MinimumVisualStudioVersion = 10.0.40219.1
Project("{8BC9CEB8-8B4A-11D0-8D11-00A0C91BC942}") = "BomberClient", "BomberClient.vcxproj", "{55ABD683-1EFC-4347-B1E7-DABB7A380DCA}"
EndProject
Project("{8BC9CEB8-8B4A-11D0-8D11-00A0C91BC942}") = "ServConsole", "Server\ServConsole.vcxproj", "{3920DC77-289C-4850-9E76-DED9C4FD28FD}"
EndProject
Global
	GlobalSection(SolutionConfigurationPlatforms) = preSolution
		Debug|x64 = Debug|x64
		Debug|x86 = Debug|x86
		Release|x64 = Release|x64
		Release|x86 = Release|x86
	EndGlobalSection
	GlobalSection(ProjectConfigurationPlatforms) = postSolution
		{55ABD683-1EFC-4347-B1E7-DABB7A380DCA}.Debug|x64.ActiveCfg = Debug|x64
		{55ABD683-1EFC-4347-B1E7-DABB7A380DCA}.Debug|x64.Build.0 = Debug|x64
		{55ABD683-1EFC-4347-B1E7-DABB7A380DCA}.Debug|x86.ActiveCfg = Debug|Win32
		{55ABD683-1EFC-4347-B1E7-DABB7A380DCA}.Debug|x86.Build.0 = Debug|Win32
		{55ABD683-1EFC-4347-B1E7-DABB7A380DCA}.Release|x64.ActiveCfg = Release|x64
		{55ABD683-1EFC-4347-B1E7-DABB7A380DCA}.Release|x64.Build.0 = Release|x64
		{55ABD683-1EFC-4347-B1E7-DABB7A380DCA}.Release|x86.ActiveCfg = Release|Win32
		{55ABD683-1EFC-4347-B1E7-DABB7A380DCA}.Release|x86.Build.0 = Release|Win32
		{3920DC77-289C-4850-9E76-DED9C4FD28FD}.Debug|x64.ActiveCfg = Debug|x64
		{3920DC77-289C-4850-9E76-DED9C4FD28FD}.Debug|x64.Build.0 = Debug|x64
		{3920DC77-289C-4850-9E76-DED9C4FD28FD}.Debug|x86.ActiveCfg = Debug|Win32
		{3920DC77-289C-4850-9E76-DED9C4FD28FD}.Debug|x86.Build.0 = Debug|Win32
		{3920DC77-289C-4850-9E76-DED9C4FD28FD}.Release|x64.ActiveCfg = Release|x64
		{3920DC77-289C-4850-9E76-DED9C4FD28FD}.Release|x64.Build.0 = Release|x64
		{3920DC77-289C-4850-9E76-DED9C4FD28FD}.Release|x86.ActiveCfg = Release|Win32
		{3920DC77-289C-4850-9E76-DED9C4FD28FD}.Release|x86.Build.0 = Release|Win32
	EndGlobalSection
	GlobalSection(SolutionProperties) = preSolution
		HideSolutionNode = FALSE
	EndGlobalSection
	GlobalSection(ExtensibilityGlobals) = postSolution
		SolutionGuid = {F388E3F4-BA0B-46F4-9F43-FC34BD584418}
	EndGlobalSection
EndGlobal
